
Microsoft Visual Studio Solution File, Format Version 12.00
# Visual Studio Version 17
VisualStudioVersion = 17.0.31903.59
MinimumVisualStudioVersion = 10.0.40219.1
Project("{FAE04EC0-301F-11D3-BF4B-00C04F79EFBC}") = "CalculadoraF", "CalculadoraF\CalculadoraF.csproj", "{5D61BF2C-D1AA-4C8B-BD73-ED77C46C1C44}"
EndProject
Global
	GlobalSection(SolutionConfigurationPlatforms) = preSolution
		Debug|Any CPU = Debug|Any CPU
		Release|Any CPU = Release|Any CPU
	EndGlobalSection
	GlobalSection(SolutionProperties) = preSolution
		HideSolutionNode = FALSE
	EndGlobalSection
	GlobalSection(ProjectConfigurationPlatforms) = postSolution
		{5D61BF2C-D1AA-4C8B-BD73-ED77C46C1C44}.Debug|Any CPU.ActiveCfg = Debug|Any CPU
		{5D61BF2C-D1AA-4C8B-BD73-ED77C46C1C44}.Debug|Any CPU.Build.0 = Debug|Any CPU
		{5D61BF2C-D1AA-4C8B-BD73-ED77C46C1C44}.Release|Any CPU.ActiveCfg = Release|Any CPU
		{5D61BF2C-D1AA-4C8B-BD73-ED77C46C1C44}.Release|Any CPU.Build.0 = Release|Any CPU
	EndGlobalSection
EndGlobal
